// !$*UTF8*$!
{
	archiveVersion = 1;
	classes = {
	};
	objectVersion = 56;
	objects = {

/* Begin PBXBuildFile section */
		20D3E73E29D8D98B00F48BAC /* main.c in Sources */ = {isa = PBXBuildFile; fileRef = 20D3E73D29D8D98B00F48BAC /* main.c */; };
/* End PBXBuildFile section */

/* Begin PBXCopyFilesBuildPhase section */
		20D3E73829D8D98B00F48BAC /* CopyFiles */ = {
			isa = PBXCopyFilesBuildPhase;
			buildActionMask = 2147483647;
			dstPath = /usr/share/man/man1/;
			dstSubfolderSpec = 0;
			files = (
			);
			runOnlyForDeploymentPostprocessing = 1;
		};
/* End PBXCopyFilesBuildPhase section */

/* Begin PBXFileReference section */
		20D3E73A29D8D98B00F48BAC /* Belli Oranda Göç Alan 2 Şehrin Yıllar İçindeki İstatistiklerini Veren Program */ = {isa = PBXFileReference; explicitFileType = "compiled.mach-o.executable"; includeInIndex = 0; path = "Belli Oranda Göç Alan 2 Şehrin Yıllar İçindeki İstatistiklerini Veren Program"; sourceTree = BUILT_PRODUCTS_DIR; };
		20D3E73D29D8D98B00F48BAC /* main.c */ = {isa = PBXFileReference; lastKnownFileType = sourcecode.c.c; path = main.c; sourceTree = "<group>"; };
/* End PBXFileReference section */

/* Begin PBXFrameworksBuildPhase section */
		20D3E73729D8D98B00F48BAC /* Frameworks */ = {
			isa = PBXFrameworksBuildPhase;
			buildActionMask = 2147483647;
			files = (
			);
			runOnlyForDeploymentPostprocessing = 0;
		};
/* End PBXFrameworksBuildPhase section */

/* Begin PBXGroup section */
		20D3E73129D8D98B00F48BAC = {
			isa = PBXGroup;
			children = (
				20D3E73C29D8D98B00F48BAC /* Belli Oranda Göç Alan 2 Şehrin Yıllar İçindeki İstatistiklerini Veren Program */,
				20D3E73B29D8D98B00F48BAC /* Products */,
			);
			sourceTree = "<group>";
		};
		20D3E73B29D8D98B00F48BAC /* Products */ = {
			isa = PBXGroup;
			children = (
				20D3E73A29D8D98B00F48BAC /* Belli Oranda Göç Alan 2 Şehrin Yıllar İçindeki İstatistiklerini Veren Program */,
			);
			name = Products;
			sourceTree = "<group>";
		};
		20D3E73C29D8D98B00F48BAC /* Belli Oranda Göç Alan 2 Şehrin Yıllar İçindeki İstatistiklerini Veren Program */ = {
			isa = PBXGroup;
			children = (
				20D3E73D29D8D98B00F48BAC /* main.c */,
			);
			path = "Belli Oranda Göç Alan 2 Şehrin Yıllar İçindeki İstatistiklerini Veren Program";
			sourceTree = "<group>";
		};
/* End PBXGroup section */

/* Begin PBXNativeTarget section */
		20D3E73929D8D98B00F48BAC /* Belli Oranda Göç Alan 2 Şehrin Yıllar İçindeki İstatistiklerini Veren Program */ = {
			isa = PBXNativeTarget;
			buildConfigurationList = 20D3E74129D8D98B00F48BAC /* Build configuration list for PBXNativeTarget "Belli Oranda Göç Alan 2 Şehrin Yıllar İçindeki İstatistiklerini Veren Program" */;
			buildPhases = (
				20D3E73629D8D98B00F48BAC /* Sources */,
				20D3E73729D8D98B00F48BAC /* Frameworks */,
				20D3E73829D8D98B00F48BAC /* CopyFiles */,
			);
			buildRules = (
			);
			dependencies = (
			);
			name = "Belli Oranda Göç Alan 2 Şehrin Yıllar İçindeki İstatistiklerini Veren Program";
			productName = "Belli Oranda Göç Alan 2 Şehrin Yıllar İçindeki İstatistiklerini Veren Program";
			productReference = 20D3E73A29D8D98B00F48BAC /* Belli Oranda Göç Alan 2 Şehrin Yıllar İçindeki İstatistiklerini Veren Program */;
			productType = "com.apple.product-type.tool";
		};
/* End PBXNativeTarget section */

/* Begin PBXProject section */
		20D3E73229D8D98B00F48BAC /* Project object */ = {
			isa = PBXProject;
			attributes = {
				BuildIndependentTargetsInParallel = 1;
				LastUpgradeCheck = 1420;
				TargetAttributes = {
					20D3E73929D8D98B00F48BAC = {
						CreatedOnToolsVersion = 14.2;
					};
				};
			};
			buildConfigurationList = 20D3E73529D8D98B00F48BAC /* Build configuration list for PBXProject "Belli Oranda Göç Alan 2 Şehrin Yıllar İçindeki İstatistiklerini Veren Program" */;
			compatibilityVersion = "Xcode 14.0";
			developmentRegion = en;
			hasScannedForEncodings = 0;
			knownRegions = (
				en,
				Base,
			);
			mainGroup = 20D3E73129D8D98B00F48BAC;
			productRefGroup = 20D3E73B29D8D98B00F48BAC /* Products */;
			projectDirPath = "";
			projectRoot = "";
			targets = (
				20D3E73929D8D98B00F48BAC /* Belli Oranda Göç Alan 2 Şehrin Yıllar İçindeki İstatistiklerini Veren Program */,
			);
		};
/* End PBXProject section */

/* Begin PBXSourcesBuildPhase section */
		20D3E73629D8D98B00F48BAC /* Sources */ = {
			isa = PBXSourcesBuildPhase;
			buildActionMask = 2147483647;
			files = (
				20D3E73E29D8D98B00F48BAC /* main.c in Sources */,
			);
			runOnlyForDeploymentPostprocessing = 0;
		};
/* End PBXSourcesBuildPhase section */

/* Begin XCBuildConfiguration section */
		20D3E73F29D8D98B00F48BAC /* Debug */ = {
			isa = XCBuildConfiguration;
			buildSettings = {
				ALWAYS_SEARCH_USER_PATHS = NO;
				CLANG_ANALYZER_NONNULL = YES;
				CLANG_ANALYZER_NUMBER_OBJECT_CONVERSION = YES_AGGRESSIVE;
				CLANG_CXX_LANGUAGE_STANDARD = "gnu++20";
				CLANG_ENABLE_MODULES = YES;
				CLANG_ENABLE_OBJC_ARC = YES;
				CLANG_ENABLE_OBJC_WEAK = YES;
				CLANG_WARN_BLOCK_CAPTURE_AUTORELEASING = YES;
				CLANG_WARN_BOOL_CONVERSION = YES;
				CLANG_WARN_COMMA = YES;
				CLANG_WARN_CONSTANT_CONVERSION = YES;
				CLANG_WARN_DEPRECATED_OBJC_IMPLEMENTATIONS = YES;
				CLANG_WARN_DIRECT_OBJC_ISA_USAGE = YES_ERROR;
				CLANG_WARN_DOCUMENTATION_COMMENTS = YES;
				CLANG_WARN_EMPTY_BODY = YES;
				CLANG_WARN_ENUM_CONVERSION = YES;
				CLANG_WARN_INFINITE_RECURSION = YES;
				CLANG_WARN_INT_CONVERSION = YES;
				CLANG_WARN_NON_LITERAL_NULL_CONVERSION = YES;
				CLANG_WARN_OBJC_IMPLICIT_RETAIN_SELF = YES;
				CLANG_WARN_OBJC_LITERAL_CONVERSION = YES;
				CLANG_WARN_OBJC_ROOT_CLASS = YES_ERROR;
				CLANG_WARN_QUOTED_INCLUDE_IN_FRAMEWORK_HEADER = YES;
				CLANG_WARN_RANGE_LOOP_ANALYSIS = YES;
				CLANG_WARN_STRICT_PROTOTYPES = YES;
				CLANG_WARN_SUSPICIOUS_MOVE = YES;
				CLANG_WARN_UNGUARDED_AVAILABILITY = YES_AGGRESSIVE;
				CLANG_WARN_UNREACHABLE_CODE = YES;
				CLANG_WARN__DUPLICATE_METHOD_MATCH = YES;
				COPY_PHASE_STRIP = NO;
				DEBUG_INFORMATION_FORMAT = dwarf;
				ENABLE_STRICT_OBJC_MSGSEND = YES;
				ENABLE_TESTABILITY = YES;
				GCC_C_LANGUAGE_STANDARD = gnu11;
				GCC_DYNAMIC_NO_PIC = NO;
				GCC_NO_COMMON_BLOCKS = YES;
				GCC_OPTIMIZATION_LEVEL = 0;
				GCC_PREPROCESSOR_DEFINITIONS = (
					"DEBUG=1",
					"$(inherited)",
				);
				GCC_WARN_64_TO_32_BIT_CONVERSION = YES;
				GCC_WARN_ABOUT_RETURN_TYPE = YES_ERROR;
				GCC_WARN_UNDECLARED_SELECTOR = YES;
				GCC_WARN_UNINITIALIZED_AUTOS = YES_AGGRESSIVE;
				GCC_WARN_UNUSED_FUNCTION = YES;
				GCC_WARN_UNUSED_VARIABLE = YES;
				MACOSX_DEPLOYMENT_TARGET = 13.0;
				MTL_ENABLE_DEBUG_INFO = INCLUDE_SOURCE;
				MTL_FAST_MATH = YES;
				ONLY_ACTIVE_ARCH = YES;
				SDKROOT = macosx;
			};
			name = Debug;
		};
		20D3E74029D8D98B00F48BAC /* Release */ = {
			isa = XCBuildConfiguration;
			buildSettings = {
				ALWAYS_SEARCH_USER_PATHS = NO;
				CLANG_ANALYZER_NONNULL = YES;
				CLANG_ANALYZER_NUMBER_OBJECT_CONVERSION = YES_AGGRESSIVE;
				CLANG_CXX_LANGUAGE_STANDARD = "gnu++20";
				CLANG_ENABLE_MODULES = YES;
				CLANG_ENABLE_OBJC_ARC = YES;
				CLANG_ENABLE_OBJC_WEAK = YES;
				CLANG_WARN_BLOCK_CAPTURE_AUTORELEASING = YES;
				CLANG_WARN_BOOL_CONVERSION = YES;
				CLANG_WARN_COMMA = YES;
				CLANG_WARN_CONSTANT_CONVERSION = YES;
				CLANG_WARN_DEPRECATED_OBJC_IMPLEMENTATIONS = YES;
				CLANG_WARN_DIRECT_OBJC_ISA_USAGE = YES_ERROR;
				CLANG_WARN_DOCUMENTATION_COMMENTS = YES;
				CLANG_WARN_EMPTY_BODY = YES;
				CLANG_WARN_ENUM_CONVERSION = YES;
				CLANG_WARN_INFINITE_RECURSION = YES;
				CLANG_WARN_INT_CONVERSION = YES;
				CLANG_WARN_NON_LITERAL_NULL_CONVERSION = YES;
				CLANG_WARN_OBJC_IMPLICIT_RETAIN_SELF = YES;
				CLANG_WARN_OBJC_LITERAL_CONVERSION = YES;
				CLANG_WARN_OBJC_ROOT_CLASS = YES_ERROR;
				CLANG_WARN_QUOTED_INCLUDE_IN_FRAMEWORK_HEADER = YES;
				CLANG_WARN_RANGE_LOOP_ANALYSIS = YES;
				CLANG_WARN_STRICT_PROTOTYPES = YES;
				CLANG_WARN_SUSPICIOUS_MOVE = YES;
				CLANG_WARN_UNGUARDED_AVAILABILITY = YES_AGGRESSIVE;
				CLANG_WARN_UNREACHABLE_CODE = YES;
				CLANG_WARN__DUPLICATE_METHOD_MATCH = YES;
				COPY_PHASE_STRIP = NO;
				DEBUG_INFORMATION_FORMAT = "dwarf-with-dsym";
				ENABLE_NS_ASSERTIONS = NO;
				ENABLE_STRICT_OBJC_MSGSEND = YES;
				GCC_C_LANGUAGE_STANDARD = gnu11;
				GCC_NO_COMMON_BLOCKS = YES;
				GCC_WARN_64_TO_32_BIT_CONVERSION = YES;
				GCC_WARN_ABOUT_RETURN_TYPE = YES_ERROR;
				GCC_WARN_UNDECLARED_SELECTOR = YES;
				GCC_WARN_UNINITIALIZED_AUTOS = YES_AGGRESSIVE;
				GCC_WARN_UNUSED_FUNCTION = YES;
				GCC_WARN_UNUSED_VARIABLE = YES;
				MACOSX_DEPLOYMENT_TARGET = 13.0;
				MTL_ENABLE_DEBUG_INFO = NO;
				MTL_FAST_MATH = YES;
				SDKROOT = macosx;
			};
			name = Release;
		};
		20D3E74229D8D98B00F48BAC /* Debug */ = {
			isa = XCBuildConfiguration;
			buildSettings = {
				CODE_SIGN_STYLE = Automatic;
				PRODUCT_NAME = "$(TARGET_NAME)";
			};
			name = Debug;
		};
		20D3E74329D8D98B00F48BAC /* Release */ = {
			isa = XCBuildConfiguration;
			buildSettings = {
				CODE_SIGN_STYLE = Automatic;
				PRODUCT_NAME = "$(TARGET_NAME)";
			};
			name = Release;
		};
/* End XCBuildConfiguration section */

/* Begin XCConfigurationList section */
		20D3E73529D8D98B00F48BAC /* Build configuration list for PBXProject "Belli Oranda Göç Alan 2 Şehrin Yıllar İçindeki İstatistiklerini Veren Program" */ = {
			isa = XCConfigurationList;
			buildConfigurations = (
				20D3E73F29D8D98B00F48BAC /* Debug */,
				20D3E74029D8D98B00F48BAC /* Release */,
			);
			defaultConfigurationIsVisible = 0;
			defaultConfigurationName = Release;
		};
		20D3E74129D8D98B00F48BAC /* Build configuration list for PBXNativeTarget "Belli Oranda Göç Alan 2 Şehrin Yıllar İçindeki İstatistiklerini Veren Program" */ = {
			isa = XCConfigurationList;
			buildConfigurations = (
				20D3E74229D8D98B00F48BAC /* Debug */,
				20D3E74329D8D98B00F48BAC /* Release */,
			);
			defaultConfigurationIsVisible = 0;
			defaultConfigurationName = Release;
		};
/* End XCConfigurationList section */
	};
	rootObject = 20D3E73229D8D98B00F48BAC /* Project object */;
}
